
Microsoft Visual Studio Solution File, Format Version 12.00
# Visual Studio Version 17
VisualStudioVersion = 17.0.31903.59
MinimumVisualStudioVersion = 10.0.40219.1
Project("{FAE04EC0-301F-11D3-BF4B-00C04F79EFBC}") = "DataAccess", "DataAccess\DataAccess.csproj", "{CBBD7B60-0B4D-44E7-B7FB-E3748C02A298}"
EndProject
Project("{FAE04EC0-301F-11D3-BF4B-00C04F79EFBC}") = "Business", "Business\Business.csproj", "{44EF7223-B067-4EAC-9551-5A419D02F5D8}"
EndProject
Project("{FAE04EC0-301F-11D3-BF4B-00C04F79EFBC}") = "ConsoleUI", "ConsoleUI\ConsoleUI.csproj", "{E4FEBE8A-57CF-4DEB-9385-F74D853BB03A}"
EndProject
Project("{FAE04EC0-301F-11D3-BF4B-00C04F79EFBC}") = "Entities", "Entities\Entities.csproj", "{665D949A-69C7-4496-BB2B-909DFDA08B54}"
EndProject
Project("{FAE04EC0-301F-11D3-BF4B-00C04F79EFBC}") = "Core", "Core\Core.csproj", "{E932D16F-A417-4054-9ABC-552EE19B415C}"
EndProject
Global
	GlobalSection(SolutionConfigurationPlatforms) = preSolution
		Debug|Any CPU = Debug|Any CPU
		Release|Any CPU = Release|Any CPU
	EndGlobalSection
	GlobalSection(ProjectConfigurationPlatforms) = postSolution
		{CBBD7B60-0B4D-44E7-B7FB-E3748C02A298}.Debug|Any CPU.ActiveCfg = Debug|Any CPU
		{CBBD7B60-0B4D-44E7-B7FB-E3748C02A298}.Debug|Any CPU.Build.0 = Debug|Any CPU
		{CBBD7B60-0B4D-44E7-B7FB-E3748C02A298}.Release|Any CPU.ActiveCfg = Release|Any CPU
		{CBBD7B60-0B4D-44E7-B7FB-E3748C02A298}.Release|Any CPU.Build.0 = Release|Any CPU
		{44EF7223-B067-4EAC-9551-5A419D02F5D8}.Debug|Any CPU.ActiveCfg = Debug|Any CPU
		{44EF7223-B067-4EAC-9551-5A419D02F5D8}.Debug|Any CPU.Build.0 = Debug|Any CPU
		{44EF7223-B067-4EAC-9551-5A419D02F5D8}.Release|Any CPU.ActiveCfg = Release|Any CPU
		{44EF7223-B067-4EAC-9551-5A419D02F5D8}.Release|Any CPU.Build.0 = Release|Any CPU
		{E4FEBE8A-57CF-4DEB-9385-F74D853BB03A}.Debug|Any CPU.ActiveCfg = Debug|Any CPU
		{E4FEBE8A-57CF-4DEB-9385-F74D853BB03A}.Debug|Any CPU.Build.0 = Debug|Any CPU
		{E4FEBE8A-57CF-4DEB-9385-F74D853BB03A}.Release|Any CPU.ActiveCfg = Release|Any CPU
		{E4FEBE8A-57CF-4DEB-9385-F74D853BB03A}.Release|Any CPU.Build.0 = Release|Any CPU
		{665D949A-69C7-4496-BB2B-909DFDA08B54}.Debug|Any CPU.ActiveCfg = Debug|Any CPU
		{665D949A-69C7-4496-BB2B-909DFDA08B54}.Debug|Any CPU.Build.0 = Debug|Any CPU
		{665D949A-69C7-4496-BB2B-909DFDA08B54}.Release|Any CPU.ActiveCfg = Release|Any CPU
		{665D949A-69C7-4496-BB2B-909DFDA08B54}.Release|Any CPU.Build.0 = Release|Any CPU
		{E932D16F-A417-4054-9ABC-552EE19B415C}.Debug|Any CPU.ActiveCfg = Debug|Any CPU
		{E932D16F-A417-4054-9ABC-552EE19B415C}.Debug|Any CPU.Build.0 = Debug|Any CPU
		{E932D16F-A417-4054-9ABC-552EE19B415C}.Release|Any CPU.ActiveCfg = Release|Any CPU
		{E932D16F-A417-4054-9ABC-552EE19B415C}.Release|Any CPU.Build.0 = Release|Any CPU
	EndGlobalSection
	GlobalSection(SolutionProperties) = preSolution
		HideSolutionNode = FALSE
	EndGlobalSection
	GlobalSection(ExtensibilityGlobals) = postSolution
		SolutionGuid = {1F26C16B-33FB-423E-AE8C-D8427BC0379B}
	EndGlobalSection
EndGlobal
